
Microsoft Visual Studio Solution File, Format Version 12.00
# Visual Studio Version 17
VisualStudioVersion = 17.0.31912.275
MinimumVisualStudioVersion = 10.0.40219.1
Project("{9A19103F-16F7-4668-BE54-9A1E7A4F7556}") = "MMBot.Discord", "MMBot.Discord\MMBot.Discord.csproj", "{03161B12-D305-46C6-AC31-47A7027E6AA5}"
EndProject
Project("{9A19103F-16F7-4668-BE54-9A1E7A4F7556}") = "MMBot.Data", "MMBot.Data\MMBot.Data.csproj", "{FD989D65-9C69-413E-867D-58851BBB771A}"
EndProject
Project("{2150E333-8FDC-42A3-9474-1A3956D46DE8}") = "Solution Items", "Solution Items", "{DEFFC1A4-F9E1-424B-948C-9A1751DB073F}"
	ProjectSection(SolutionItems) = preProject
		.editorconfig = .editorconfig
		.gitattributes = .gitattributes
		.gitignore = .gitignore
		docker-compose.yml = docker-compose.yml
		.github\workflows\dotnet-core-publish.yml = .github\workflows\dotnet-core-publish.yml
		LICENSE = LICENSE
		README.md = README.md
	EndProjectSection
EndProject
Project("{9A19103F-16F7-4668-BE54-9A1E7A4F7556}") = "MMBot.Discord.Tests", "MMBot.Discord.Tests\MMBot.Discord.Tests.csproj", "{703A5FE2-88BC-4EF3-97D8-03D96C4759DA}"
EndProject
Project("{9A19103F-16F7-4668-BE54-9A1E7A4F7556}") = "MMBot.Data.Tests", "MMBot.Data.Tests\MMBot.Data.Tests.csproj", "{9B23A18B-F3D3-4137-AA2B-A0BA7E563BD1}"
EndProject
Project("{9A19103F-16F7-4668-BE54-9A1E7A4F7556}") = "MMBot.Blazor.Client", "MMBot.Blazor\Client\MMBot.Blazor.Client.csproj", "{42572833-0958-4D44-BA71-9E6B8470CA18}"
EndProject
Project("{9A19103F-16F7-4668-BE54-9A1E7A4F7556}") = "MMBot.Blazor.Server", "MMBot.Blazor\Server\MMBot.Blazor.Server.csproj", "{4CADF75E-6F0B-42F8-828E-597869565AE2}"
EndProject
Project("{9A19103F-16F7-4668-BE54-9A1E7A4F7556}") = "MMBot.Blazor.Shared", "MMBot.Blazor\Shared\MMBot.Blazor.Shared.csproj", "{CFCC7176-B36C-4D5C-8E19-A63CBCCE8BDA}"
EndProject
Project("{9A19103F-16F7-4668-BE54-9A1E7A4F7556}") = "MMBot.Blazor.Server.Test", "MMBot.Blazor\Server.Test\MMBot.Blazor.Server.Test.csproj", "{F94D4732-9BC9-445C-A78C-D0112D618955}"
EndProject
Project("{2150E333-8FDC-42A3-9474-1A3956D46DE8}") = "MMBot.Blazor", "MMBot.Blazor", "{F9AF7569-ACA9-42DE-AB9C-DFA9A8E36F1F}"
EndProject
Project("{9A19103F-16F7-4668-BE54-9A1E7A4F7556}") = "MMBot.Data.Contracts", "MMBot.Data.Contracts\MMBot.Data.Contracts.csproj", "{6E87C466-BB24-48F5-BC2E-6FF66D7E580B}"
EndProject
Global
	GlobalSection(SolutionConfigurationPlatforms) = preSolution
		Debug|Any CPU = Debug|Any CPU
		Release|Any CPU = Release|Any CPU
	EndGlobalSection
	GlobalSection(ProjectConfigurationPlatforms) = postSolution
		{03161B12-D305-46C6-AC31-47A7027E6AA5}.Debug|Any CPU.ActiveCfg = Debug|Any CPU
		{03161B12-D305-46C6-AC31-47A7027E6AA5}.Debug|Any CPU.Build.0 = Debug|Any CPU
		{03161B12-D305-46C6-AC31-47A7027E6AA5}.Release|Any CPU.ActiveCfg = Release|Any CPU
		{03161B12-D305-46C6-AC31-47A7027E6AA5}.Release|Any CPU.Build.0 = Release|Any CPU
		{FD989D65-9C69-413E-867D-58851BBB771A}.Debug|Any CPU.ActiveCfg = Debug|Any CPU
		{FD989D65-9C69-413E-867D-58851BBB771A}.Debug|Any CPU.Build.0 = Debug|Any CPU
		{FD989D65-9C69-413E-867D-58851BBB771A}.Release|Any CPU.ActiveCfg = Release|Any CPU
		{FD989D65-9C69-413E-867D-58851BBB771A}.Release|Any CPU.Build.0 = Release|Any CPU
		{703A5FE2-88BC-4EF3-97D8-03D96C4759DA}.Debug|Any CPU.ActiveCfg = Debug|Any CPU
		{703A5FE2-88BC-4EF3-97D8-03D96C4759DA}.Debug|Any CPU.Build.0 = Debug|Any CPU
		{703A5FE2-88BC-4EF3-97D8-03D96C4759DA}.Release|Any CPU.ActiveCfg = Release|Any CPU
		{703A5FE2-88BC-4EF3-97D8-03D96C4759DA}.Release|Any CPU.Build.0 = Release|Any CPU
		{9B23A18B-F3D3-4137-AA2B-A0BA7E563BD1}.Debug|Any CPU.ActiveCfg = Debug|Any CPU
		{9B23A18B-F3D3-4137-AA2B-A0BA7E563BD1}.Debug|Any CPU.Build.0 = Debug|Any CPU
		{9B23A18B-F3D3-4137-AA2B-A0BA7E563BD1}.Release|Any CPU.ActiveCfg = Release|Any CPU
		{9B23A18B-F3D3-4137-AA2B-A0BA7E563BD1}.Release|Any CPU.Build.0 = Release|Any CPU
		{42572833-0958-4D44-BA71-9E6B8470CA18}.Debug|Any CPU.ActiveCfg = Debug|Any CPU
		{42572833-0958-4D44-BA71-9E6B8470CA18}.Debug|Any CPU.Build.0 = Debug|Any CPU
		{42572833-0958-4D44-BA71-9E6B8470CA18}.Release|Any CPU.ActiveCfg = Release|Any CPU
		{42572833-0958-4D44-BA71-9E6B8470CA18}.Release|Any CPU.Build.0 = Release|Any CPU
		{4CADF75E-6F0B-42F8-828E-597869565AE2}.Debug|Any CPU.ActiveCfg = Debug|Any CPU
		{4CADF75E-6F0B-42F8-828E-597869565AE2}.Debug|Any CPU.Build.0 = Debug|Any CPU
		{4CADF75E-6F0B-42F8-828E-597869565AE2}.Release|Any CPU.ActiveCfg = Release|Any CPU
		{4CADF75E-6F0B-42F8-828E-597869565AE2}.Release|Any CPU.Build.0 = Release|Any CPU
		{CFCC7176-B36C-4D5C-8E19-A63CBCCE8BDA}.Debug|Any CPU.ActiveCfg = Debug|Any CPU
		{CFCC7176-B36C-4D5C-8E19-A63CBCCE8BDA}.Debug|Any CPU.Build.0 = Debug|Any CPU
		{CFCC7176-B36C-4D5C-8E19-A63CBCCE8BDA}.Release|Any CPU.ActiveCfg = Release|Any CPU
		{CFCC7176-B36C-4D5C-8E19-A63CBCCE8BDA}.Release|Any CPU.Build.0 = Release|Any CPU
		{F94D4732-9BC9-445C-A78C-D0112D618955}.Debug|Any CPU.ActiveCfg = Debug|Any CPU
		{F94D4732-9BC9-445C-A78C-D0112D618955}.Debug|Any CPU.Build.0 = Debug|Any CPU
		{F94D4732-9BC9-445C-A78C-D0112D618955}.Release|Any CPU.ActiveCfg = Release|Any CPU
		{F94D4732-9BC9-445C-A78C-D0112D618955}.Release|Any CPU.Build.0 = Release|Any CPU
		{6E87C466-BB24-48F5-BC2E-6FF66D7E580B}.Debug|Any CPU.ActiveCfg = Debug|Any CPU
		{6E87C466-BB24-48F5-BC2E-6FF66D7E580B}.Debug|Any CPU.Build.0 = Debug|Any CPU
		{6E87C466-BB24-48F5-BC2E-6FF66D7E580B}.Release|Any CPU.ActiveCfg = Release|Any CPU
		{6E87C466-BB24-48F5-BC2E-6FF66D7E580B}.Release|Any CPU.Build.0 = Release|Any CPU
	EndGlobalSection
	GlobalSection(SolutionProperties) = preSolution
		HideSolutionNode = FALSE
	EndGlobalSection
	GlobalSection(NestedProjects) = preSolution
		{42572833-0958-4D44-BA71-9E6B8470CA18} = {F9AF7569-ACA9-42DE-AB9C-DFA9A8E36F1F}
		{4CADF75E-6F0B-42F8-828E-597869565AE2} = {F9AF7569-ACA9-42DE-AB9C-DFA9A8E36F1F}
		{CFCC7176-B36C-4D5C-8E19-A63CBCCE8BDA} = {F9AF7569-ACA9-42DE-AB9C-DFA9A8E36F1F}
		{F94D4732-9BC9-445C-A78C-D0112D618955} = {F9AF7569-ACA9-42DE-AB9C-DFA9A8E36F1F}
	EndGlobalSection
	GlobalSection(ExtensibilityGlobals) = postSolution
		SolutionGuid = {98C44232-FD62-499A-9141-A4D59FF009FE}
	EndGlobalSection
EndGlobal
