
Microsoft Visual Studio Solution File, Format Version 12.00
# Visual Studio Version 17
VisualStudioVersion = 17.0.31912.275
MinimumVisualStudioVersion = 10.0.40219.1
Project("{9A19103F-16F7-4668-BE54-9A1E7A4F7556}") = "MMBot.Discord", "MMBot.Discord\MMBot.Discord.csproj", "{03161B12-D305-46C6-AC31-47A7027E6AA5}"
EndProject
Project("{9A19103F-16F7-4668-BE54-9A1E7A4F7556}") = "MMBot.Blazor", "MMBot.Blazor\MMBot.Blazor.csproj", "{02C84FD5-5BC6-48BE-8AC0-C86B14001F16}"
EndProject
Project("{9A19103F-16F7-4668-BE54-9A1E7A4F7556}") = "MMBot.Data", "MMBot.Data\MMBot.Data.csproj", "{FD989D65-9C69-413E-867D-58851BBB771A}"
EndProject
Project("{9A19103F-16F7-4668-BE54-9A1E7A4F7556}") = "Discord.OAuth2", "Discord.OAuth2\Discord.OAuth2.csproj", "{19E6FFE7-A8FC-4AC9-B0E3-2BC7A5EBD3C5}"
EndProject
Project("{2150E333-8FDC-42A3-9474-1A3956D46DE8}") = "Solution Items", "Solution Items", "{DEFFC1A4-F9E1-424B-948C-9A1751DB073F}"
	ProjectSection(SolutionItems) = preProject
		.editorconfig = .editorconfig
		.gitattributes = .gitattributes
		.gitignore = .gitignore
		.github\workflows\dotnet-core-publish.yml = .github\workflows\dotnet-core-publish.yml
		.github\workflows\dotnet-core.yml = .github\workflows\dotnet-core.yml
		LICENSE = LICENSE
		README.md = README.md
	EndProjectSection
EndProject
Project("{9A19103F-16F7-4668-BE54-9A1E7A4F7556}") = "MMBot.Discord.Tests", "MMBot.Discord.Tests\MMBot.Discord.Tests.csproj", "{703A5FE2-88BC-4EF3-97D8-03D96C4759DA}"
EndProject
Project("{9A19103F-16F7-4668-BE54-9A1E7A4F7556}") = "MMBot.Data.Tests", "MMBot.Data.Tests\MMBot.Data.Tests.csproj", "{9B23A18B-F3D3-4137-AA2B-A0BA7E563BD1}"
EndProject
Project("{9A19103F-16F7-4668-BE54-9A1E7A4F7556}") = "MMBot.Blazor.Tests", "MMBot.Blazor.Tests\MMBot.Blazor.Tests.csproj", "{365068BC-DC86-47C8-94E8-2919E627C2EF}"
EndProject
Project("{FAE04EC0-301F-11D3-BF4B-00C04F79EFBC}") = "MMBot.Blazor.WASM.Server", "MMBot.Blazor.WASM\Server\MMBot.Blazor.WASM.Server.csproj", "{A38D2FF0-A015-41FA-A312-D4A4B67C291A}"
EndProject
Project("{FAE04EC0-301F-11D3-BF4B-00C04F79EFBC}") = "MMBot.Blazor.WASM.Client", "MMBot.Blazor.WASM\Client\MMBot.Blazor.WASM.Client.csproj", "{A725A864-9BDD-4F01-BA1C-1C4518A9CFF4}"
EndProject
Project("{FAE04EC0-301F-11D3-BF4B-00C04F79EFBC}") = "MMBot.Blazor.WASM.Shared", "MMBot.Blazor.WASM\Shared\MMBot.Blazor.WASM.Shared.csproj", "{6656A3B0-36DA-43E7-A93F-536F10F9C724}"
EndProject
Global
	GlobalSection(SolutionConfigurationPlatforms) = preSolution
		Debug|Any CPU = Debug|Any CPU
		Release|Any CPU = Release|Any CPU
	EndGlobalSection
	GlobalSection(ProjectConfigurationPlatforms) = postSolution
		{03161B12-D305-46C6-AC31-47A7027E6AA5}.Debug|Any CPU.ActiveCfg = Debug|Any CPU
		{03161B12-D305-46C6-AC31-47A7027E6AA5}.Debug|Any CPU.Build.0 = Debug|Any CPU
		{03161B12-D305-46C6-AC31-47A7027E6AA5}.Release|Any CPU.ActiveCfg = Release|Any CPU
		{03161B12-D305-46C6-AC31-47A7027E6AA5}.Release|Any CPU.Build.0 = Release|Any CPU
		{02C84FD5-5BC6-48BE-8AC0-C86B14001F16}.Debug|Any CPU.ActiveCfg = Debug|Any CPU
		{02C84FD5-5BC6-48BE-8AC0-C86B14001F16}.Debug|Any CPU.Build.0 = Debug|Any CPU
		{02C84FD5-5BC6-48BE-8AC0-C86B14001F16}.Release|Any CPU.ActiveCfg = Release|Any CPU
		{02C84FD5-5BC6-48BE-8AC0-C86B14001F16}.Release|Any CPU.Build.0 = Release|Any CPU
		{FD989D65-9C69-413E-867D-58851BBB771A}.Debug|Any CPU.ActiveCfg = Debug|Any CPU
		{FD989D65-9C69-413E-867D-58851BBB771A}.Debug|Any CPU.Build.0 = Debug|Any CPU
		{FD989D65-9C69-413E-867D-58851BBB771A}.Release|Any CPU.ActiveCfg = Release|Any CPU
		{FD989D65-9C69-413E-867D-58851BBB771A}.Release|Any CPU.Build.0 = Release|Any CPU
		{19E6FFE7-A8FC-4AC9-B0E3-2BC7A5EBD3C5}.Debug|Any CPU.ActiveCfg = Debug|Any CPU
		{19E6FFE7-A8FC-4AC9-B0E3-2BC7A5EBD3C5}.Debug|Any CPU.Build.0 = Debug|Any CPU
		{19E6FFE7-A8FC-4AC9-B0E3-2BC7A5EBD3C5}.Release|Any CPU.ActiveCfg = Release|Any CPU
		{19E6FFE7-A8FC-4AC9-B0E3-2BC7A5EBD3C5}.Release|Any CPU.Build.0 = Release|Any CPU
		{703A5FE2-88BC-4EF3-97D8-03D96C4759DA}.Debug|Any CPU.ActiveCfg = Debug|Any CPU
		{703A5FE2-88BC-4EF3-97D8-03D96C4759DA}.Debug|Any CPU.Build.0 = Debug|Any CPU
		{703A5FE2-88BC-4EF3-97D8-03D96C4759DA}.Release|Any CPU.ActiveCfg = Release|Any CPU
		{703A5FE2-88BC-4EF3-97D8-03D96C4759DA}.Release|Any CPU.Build.0 = Release|Any CPU
		{9B23A18B-F3D3-4137-AA2B-A0BA7E563BD1}.Debug|Any CPU.ActiveCfg = Debug|Any CPU
		{9B23A18B-F3D3-4137-AA2B-A0BA7E563BD1}.Debug|Any CPU.Build.0 = Debug|Any CPU
		{9B23A18B-F3D3-4137-AA2B-A0BA7E563BD1}.Release|Any CPU.ActiveCfg = Release|Any CPU
		{9B23A18B-F3D3-4137-AA2B-A0BA7E563BD1}.Release|Any CPU.Build.0 = Release|Any CPU
		{365068BC-DC86-47C8-94E8-2919E627C2EF}.Debug|Any CPU.ActiveCfg = Debug|Any CPU
		{365068BC-DC86-47C8-94E8-2919E627C2EF}.Debug|Any CPU.Build.0 = Debug|Any CPU
		{365068BC-DC86-47C8-94E8-2919E627C2EF}.Release|Any CPU.ActiveCfg = Release|Any CPU
		{365068BC-DC86-47C8-94E8-2919E627C2EF}.Release|Any CPU.Build.0 = Release|Any CPU
		{A38D2FF0-A015-41FA-A312-D4A4B67C291A}.Debug|Any CPU.ActiveCfg = Debug|Any CPU
		{A38D2FF0-A015-41FA-A312-D4A4B67C291A}.Debug|Any CPU.Build.0 = Debug|Any CPU
		{A38D2FF0-A015-41FA-A312-D4A4B67C291A}.Release|Any CPU.ActiveCfg = Release|Any CPU
		{A38D2FF0-A015-41FA-A312-D4A4B67C291A}.Release|Any CPU.Build.0 = Release|Any CPU
		{A725A864-9BDD-4F01-BA1C-1C4518A9CFF4}.Debug|Any CPU.ActiveCfg = Debug|Any CPU
		{A725A864-9BDD-4F01-BA1C-1C4518A9CFF4}.Debug|Any CPU.Build.0 = Debug|Any CPU
		{A725A864-9BDD-4F01-BA1C-1C4518A9CFF4}.Release|Any CPU.ActiveCfg = Release|Any CPU
		{A725A864-9BDD-4F01-BA1C-1C4518A9CFF4}.Release|Any CPU.Build.0 = Release|Any CPU
		{6656A3B0-36DA-43E7-A93F-536F10F9C724}.Debug|Any CPU.ActiveCfg = Debug|Any CPU
		{6656A3B0-36DA-43E7-A93F-536F10F9C724}.Debug|Any CPU.Build.0 = Debug|Any CPU
		{6656A3B0-36DA-43E7-A93F-536F10F9C724}.Release|Any CPU.ActiveCfg = Release|Any CPU
		{6656A3B0-36DA-43E7-A93F-536F10F9C724}.Release|Any CPU.Build.0 = Release|Any CPU
	EndGlobalSection
	GlobalSection(SolutionProperties) = preSolution
		HideSolutionNode = FALSE
	EndGlobalSection
	GlobalSection(ExtensibilityGlobals) = postSolution
		SolutionGuid = {98C44232-FD62-499A-9141-A4D59FF009FE}
	EndGlobalSection
EndGlobal
